
Microsoft Visual Studio Solution File, Format Version 12.00
# Visual Studio Version 17
VisualStudioVersion = 17.0.31919.166
MinimumVisualStudioVersion = 10.0.40219.1
Project("{FAE04EC0-301F-11D3-BF4B-00C04F79EFBC}") = "Core", "Core\Core.csproj", "{D6A52AB9-67DA-4487-B9F5-C6BAAA0724CF}"
EndProject
Project("{8BC9CEB8-8B4A-11D0-8D11-00A0C91BC942}") = "Translator", "Translator\Translator.vcxproj", "{2DDF7001-8344-4B3C-B240-CC6F3E2A9556}"
EndProject
Global
	GlobalSection(SolutionConfigurationPlatforms) = preSolution
		Debug|Any CPU = Debug|Any CPU
		Debug|x64 = Debug|x64
		Debug|x86 = Debug|x86
		Release|Any CPU = Release|Any CPU
		Release|x64 = Release|x64
		Release|x86 = Release|x86
	EndGlobalSection
	GlobalSection(ProjectConfigurationPlatforms) = postSolution
		{D6A52AB9-67DA-4487-B9F5-C6BAAA0724CF}.Debug|Any CPU.ActiveCfg = Debug|Any CPU
		{D6A52AB9-67DA-4487-B9F5-C6BAAA0724CF}.Debug|Any CPU.Build.0 = Debug|Any CPU
		{D6A52AB9-67DA-4487-B9F5-C6BAAA0724CF}.Debug|x64.ActiveCfg = Debug|Any CPU
		{D6A52AB9-67DA-4487-B9F5-C6BAAA0724CF}.Debug|x64.Build.0 = Debug|Any CPU
		{D6A52AB9-67DA-4487-B9F5-C6BAAA0724CF}.Debug|x86.ActiveCfg = Debug|Any CPU
		{D6A52AB9-67DA-4487-B9F5-C6BAAA0724CF}.Debug|x86.Build.0 = Debug|Any CPU
		{D6A52AB9-67DA-4487-B9F5-C6BAAA0724CF}.Release|Any CPU.ActiveCfg = Release|Any CPU
		{D6A52AB9-67DA-4487-B9F5-C6BAAA0724CF}.Release|Any CPU.Build.0 = Release|Any CPU
		{D6A52AB9-67DA-4487-B9F5-C6BAAA0724CF}.Release|x64.ActiveCfg = Release|Any CPU
		{D6A52AB9-67DA-4487-B9F5-C6BAAA0724CF}.Release|x64.Build.0 = Release|Any CPU
		{D6A52AB9-67DA-4487-B9F5-C6BAAA0724CF}.Release|x86.ActiveCfg = Release|Any CPU
		{D6A52AB9-67DA-4487-B9F5-C6BAAA0724CF}.Release|x86.Build.0 = Release|Any CPU
		{2DDF7001-8344-4B3C-B240-CC6F3E2A9556}.Debug|Any CPU.ActiveCfg = Debug|x64
		{2DDF7001-8344-4B3C-B240-CC6F3E2A9556}.Debug|Any CPU.Build.0 = Debug|x64
		{2DDF7001-8344-4B3C-B240-CC6F3E2A9556}.Debug|x64.ActiveCfg = Debug|x64
		{2DDF7001-8344-4B3C-B240-CC6F3E2A9556}.Debug|x64.Build.0 = Debug|x64
		{2DDF7001-8344-4B3C-B240-CC6F3E2A9556}.Debug|x86.ActiveCfg = Debug|Win32
		{2DDF7001-8344-4B3C-B240-CC6F3E2A9556}.Debug|x86.Build.0 = Debug|Win32
		{2DDF7001-8344-4B3C-B240-CC6F3E2A9556}.Release|Any CPU.ActiveCfg = Release|x64
		{2DDF7001-8344-4B3C-B240-CC6F3E2A9556}.Release|Any CPU.Build.0 = Release|x64
		{2DDF7001-8344-4B3C-B240-CC6F3E2A9556}.Release|x64.ActiveCfg = Release|x64
		{2DDF7001-8344-4B3C-B240-CC6F3E2A9556}.Release|x64.Build.0 = Release|x64
		{2DDF7001-8344-4B3C-B240-CC6F3E2A9556}.Release|x86.ActiveCfg = Release|Win32
		{2DDF7001-8344-4B3C-B240-CC6F3E2A9556}.Release|x86.Build.0 = Release|Win32
	EndGlobalSection
	GlobalSection(SolutionProperties) = preSolution
		HideSolutionNode = FALSE
	EndGlobalSection
	GlobalSection(ExtensibilityGlobals) = postSolution
		SolutionGuid = {4D12ABBF-FB22-454C-BDEF-96EF7BC0B9D5}
	EndGlobalSection
EndGlobal
